# This file is automatically @generated by Cargo.
# It is not intended for manual editing.
version = 3

[[package]]
name = "pkg-config"
version = "0.3.30"
source = "registry+https://github.com/rust-lang/crates.io-index"
checksum = "d231b230927b5e4ad203db57bbcbee2802f6bce620b1e4a9024a07d94e2907ec"

[[package]]
name = "proc-macro2"
version = "1.0.79"
source = "registry+https://github.com/rust-lang/crates.io-index"
checksum = "e835ff2298f5721608eb1a980ecaee1aef2c132bf95ecc026a11b7bf3c01c02e"
dependencies = [
 "unicode-ident",
]

[[package]]
name = "quote"
version = "1.0.35"
source = "registry+https://github.com/rust-lang/crates.io-index"
checksum = "291ec9ab5efd934aaf503a6466c5d5251535d108ee747472c3977cc5acc868ef"
dependencies = [
 "proc-macro2",
]

[[package]]
name = "runtime"
version = "0.1.0"
dependencies = [
 "rusty_jsc",
]

[[package]]
name = "rusty_jsc"
version = "0.1.0"
source = "registry+https://github.com/rust-lang/crates.io-index"
checksum = "4f8f838ac489c4fec2ae60bcd620e70ca829b75f83d4516f2708fd2a9edafdd0"
dependencies = [
 "rusty_jsc_macros",
 "rusty_jsc_sys",
]

[[package]]
name = "rusty_jsc_macros"
version = "0.1.0"
source = "registry+https://github.com/rust-lang/crates.io-index"
checksum = "7b2407097cc2d172aedd2da887e68c1724c96f7828bad033096d0bb911dc4071"
dependencies = [
 "pkg-config",
 "quote",
 "syn",
]

[[package]]
name = "rusty_jsc_sys"
version = "0.1.0"
source = "registry+https://github.com/rust-lang/crates.io-index"
checksum = "927443ab7a267331865e31bfe0ffb70216cbbadb8e3b15c09774fae6caa9d8df"
dependencies = [
 "pkg-config",
]

[[package]]
name = "syn"
version = "1.0.109"
source = "registry+https://github.com/rust-lang/crates.io-index"
checksum = "72b64191b275b66ffe2469e8af2c1cfe3bafa67b529ead792a6d0160888b4237"
dependencies = [
 "proc-macro2",
 "quote",
 "unicode-ident",
]

[[package]]
name = "unicode-ident"
version = "1.0.12"
source = "registry+https://github.com/rust-lang/crates.io-index"
checksum = "3354b9ac3fae1ff6755cb6db53683adb661634f67557942dea4facebec0fee4b"
